
Microsoft Visual Studio Solution File, Format Version 12.00
# Visual Studio Version 16
VisualStudioVersion = 16.0.30804.86
MinimumVisualStudioVersion = 10.0.40219.1
Project("{FAE04EC0-301F-11D3-BF4B-00C04F79EFBC}") = "UnitTestProjectP312", "UnitTestProjectP312\UnitTestProjectP312.csproj", "{93DAD1AE-FD70-4EF1-9AD0-5B02BE3FB81D}"
EndProject
Global
	GlobalSection(SolutionConfigurationPlatforms) = preSolution
		Debug|Any CPU = Debug|Any CPU
		Release|Any CPU = Release|Any CPU
	EndGlobalSection
	GlobalSection(ProjectConfigurationPlatforms) = postSolution
		{93DAD1AE-FD70-4EF1-9AD0-5B02BE3FB81D}.Debug|Any CPU.ActiveCfg = Debug|Any CPU
		{93DAD1AE-FD70-4EF1-9AD0-5B02BE3FB81D}.Debug|Any CPU.Build.0 = Debug|Any CPU
		{93DAD1AE-FD70-4EF1-9AD0-5B02BE3FB81D}.Release|Any CPU.ActiveCfg = Release|Any CPU
		{93DAD1AE-FD70-4EF1-9AD0-5B02BE3FB81D}.Release|Any CPU.Build.0 = Release|Any CPU
	EndGlobalSection
	GlobalSection(SolutionProperties) = preSolution
		HideSolutionNode = FALSE
	EndGlobalSection
	GlobalSection(ExtensibilityGlobals) = postSolution
		SolutionGuid = {91DFF553-43BD-4EDE-A55D-C1C9D8BFB7CB}
	EndGlobalSection
EndGlobal
